
Microsoft Visual Studio Solution File, Format Version 12.00
# Visual Studio Version 17
VisualStudioVersion = 17.2.32526.322
MinimumVisualStudioVersion = 10.0.40219.1
Project("{FAE04EC0-301F-11D3-BF4B-00C04F79EFBC}") = "BadJujuKillAmmoFill", "BadJujuKillAmmoFill.csproj", "{4960B620-3612-4FDA-AACC-95AA7AB1E9E2}"
EndProject
Global
	GlobalSection(SolutionConfigurationPlatforms) = preSolution
		Debug|Any CPU = Debug|Any CPU
		Release|Any CPU = Release|Any CPU
	EndGlobalSection
	GlobalSection(ProjectConfigurationPlatforms) = postSolution
		{4960B620-3612-4FDA-AACC-95AA7AB1E9E2}.Debug|Any CPU.ActiveCfg = Debug|Any CPU
		{4960B620-3612-4FDA-AACC-95AA7AB1E9E2}.Debug|Any CPU.Build.0 = Debug|Any CPU
		{4960B620-3612-4FDA-AACC-95AA7AB1E9E2}.Release|Any CPU.ActiveCfg = Release|Any CPU
		{4960B620-3612-4FDA-AACC-95AA7AB1E9E2}.Release|Any CPU.Build.0 = Release|Any CPU
	EndGlobalSection
	GlobalSection(SolutionProperties) = preSolution
		HideSolutionNode = FALSE
	EndGlobalSection
	GlobalSection(ExtensibilityGlobals) = postSolution
		SolutionGuid = {A84CD3EB-836A-41C9-A842-CF53D8B7032A}
	EndGlobalSection
EndGlobal
